# THIS IS AN AUTOGENERATED FILE. DO NOT EDIT THIS FILE DIRECTLY.
# yarn lockfile v1


"@babel/code-frame@^7.0.0":
  version "7.29.7"
  resolved "https://registry.yarnpkg.com/@babel/code-frame/-/code-frame-7.29.7.tgz#f2fbbfea87c44a21590ec515b778b2c26d8866e7"
  integrity sha512-Aup7aUOfpbAUg2ROOJN6Iw5f9DMBlzu0mIkm/malLQFN/YQgO48wCj0Kxa3sEHJvPVFg7siR+qRInwXd2qhQKw==
  dependencies:
    "@babel/helper-validator-identifier" "^7.29.7"
    js-tokens "^4.0.0"
    picocolors "^1.1.1"

"@babel/helper-validator-identifier@^7.29.7":
  version "7.29.7"
  resolved "https://registry.yarnpkg.com/@babel/helper-validator-identifier/-/helper-validator-identifier-7.29.7.tgz#bd87084ced0c796ec46bda492de6e83d29e89fc2"
  integrity sha512-qehxGkRj55h/ff8EMaJ+cYhyaKlHIxqYDn682wQD7RNp9UujOQsHog2uS0r2vzr4pW+sXf90NeeayjcNaX3fFg==

"@commitlint/cli@21.2.2":
  version "21.2.2"
  resolved "https://registry.yarnpkg.com/@commitlint/cli/-/cli-21.2.2.tgz#ad1665bddd42249575fac99764c23998387b3dfe"
  integrity sha512-a+6hQxIxnpdvSvS2apvttPNbEliYsVC3PqFYDiiB2kjbwIsQsj1urvQ4Tkf70pKYozPalKAuRQmm/GHwndduqA==
  dependencies:
    "@commitlint/config-conventional" "^21.2.2"
    "@commitlint/format" "^21.2.2"
    "@commitlint/lint" "^21.2.2"
    "@commitlint/load" "^21.2.2"
    "@commitlint/read" "^21.2.1"
    "@commitlint/types" "^21.2.0"
    tinyexec "^1.0.0"
    yargs "^18.0.0"

"@commitlint/config-angular-type-enum@21.0.1", "@commitlint/config-angular-type-enum@^21.0.1":
  version "21.0.1"
  resolved "https://registry.yarnpkg.com/@commitlint/config-angular-type-enum/-/config-angular-type-enum-21.0.1.tgz#6353f61ba3ff08227fba93a56bf7a014cd105790"
  integrity sha512-xTQlgHTaQyXfFpPI3w2dI7ppuTDWmF++1W/kgNohRpxhBzAoJxc6Q/2P7EjvJodtVl7+38xHyu0STtV4ERXdhg==

"@commitlint/config-angular@21.2.2", "@commitlint/config-angular@^21.2.2":
  version "21.2.2"
  resolved "https://registry.yarnpkg.com/@commitlint/config-angular/-/config-angular-21.2.2.tgz#a75e6b1606cfb2b3b1be7e441a2f695698016695"
  integrity sha512-+vwyJjjTm7yiHx/iPkgVBiuoT3tWdc5HZB/EkRwPxkXWvB3QJZqdBb1/ZwqpmY2MyDMS0QBPVJJWD//rwliZwA==
  dependencies:
    "@commitlint/config-angular-type-enum" "^21.0.1"

"@commitlint/config-conventional@21.2.2", "@commitlint/config-conventional@^21.2.2":
  version "21.2.2"
  resolved "https://registry.yarnpkg.com/@commitlint/config-conventional/-/config-conventional-21.2.2.tgz#c8902f3ea1e741f55ec0fc7c177bcdf28ffd0082"
  integrity sha512-NxA37SZviusFUEYOQZ5hNnZ1h7O/KiemPkxjOlpzKJNnWxThiwc6/SaZhaPa8fyLvfRBAywhQhJJk8XESHWlpQ==
  dependencies:
    "@commitlint/types" "^21.2.0"
    conventional-changelog-conventionalcommits "^10.0.0"

"@commitlint/config-lerna-scopes@21.2.0":
  version "21.2.0"
  resolved "https://registry.yarnpkg.com/@commitlint/config-lerna-scopes/-/config-lerna-scopes-21.2.0.tgz#55f30e3a5ca985fad28a7e6547a9b7fea325d6f2"
  integrity sha512-Qm8/icwmhSbOuKjYC3RRIrzoh1AUhI/pCiLYdmDW2l2AVWJ9LOkTVuRza4DGCe2JFfEXpBMgWzPzeCStf5OtZA==
  dependencies:
    "@commitlint/config-workspace-scopes" "^21.2.0"

"@commitlint/config-patternplate@21.2.2":
  version "21.2.2"
  resolved "https://registry.yarnpkg.com/@commitlint/config-patternplate/-/config-patternplate-21.2.2.tgz#1e84c14b129d9c805a6c1b1b8ff4bbbdad6597a8"
  integrity sha512-Vjr9+rZLR27GyDHEHDnuTqPuiC50AuYksfpYTqBCuK7iQcV4ANwAXb93gdNddr/B4JunyK8z4RaFhvBCOVOKRA==
  dependencies:
    "@commitlint/config-angular" "^21.2.2"
    es-toolkit "^1.46.0"

"@commitlint/config-validator@^21.2.0":
  version "21.2.0"
  resolved "https://registry.yarnpkg.com/@commitlint/config-validator/-/config-validator-21.2.0.tgz#9597a3195ec5371594868f1eca14a3b3e6ffdc36"
  integrity sha512-t7AzNHAKeIdo/3NRGwzpufKHsKkPHmFs/56N2Fnsh0/r0rGtnQzTxk6vnFgjaGr4hdSQKNB50/KAhR9Yk4LJKA==
  dependencies:
    "@commitlint/types" "^21.2.0"
    ajv "^8.11.0"

"@commitlint/config-workspace-scopes@^21.2.0":
  version "21.2.0"
  resolved "https://registry.yarnpkg.com/@commitlint/config-workspace-scopes/-/config-workspace-scopes-21.2.0.tgz#1a63751103bafd9d5a9186ab1ecbfef4b82fcae0"
  integrity sha512-WBUoQkNzvBgvgceluQ8kC+UqHkGaVmGaK0bKN3Cx9yN+H+v8KHuGlRpyn+BIIb6Df5RJkDEjXmRaxx0OYPGMbg==

"@commitlint/ensure@^21.2.0":
  version "21.2.0"
  resolved "https://registry.yarnpkg.com/@commitlint/ensure/-/ensure-21.2.0.tgz#6a46807a290bc95ac3cc001fd4068e538977627b"
  integrity sha512-76IF9vDNS13lAzEEik9eKwzt8f9hYhWiwVXZ2AnyLCz5/f511FsEQ3pw1X3/zSQpdRLQU7i5qDMVKyXi1GWjSg==
  dependencies:
    "@commitlint/types" "^21.2.0"
    es-toolkit "^1.46.0"

"@commitlint/execute-rule@^21.0.1":
  version "21.0.1"
  resolved "https://registry.yarnpkg.com/@commitlint/execute-rule/-/execute-rule-21.0.1.tgz#3ebeee4d645527edfc3cf583ecbad92a4c28eddb"
  integrity sha512-RifH+FmImozKBE6mozhF4K3r2RRKP7SMi/Q/zLCmExtp5e05lhHOUYqGBlFBAGNHaZxU/WYw1XuugYK9jQzqnA==

"@commitlint/format@^21.2.2":
  version "21.2.2"
  resolved "https://registry.yarnpkg.com/@commitlint/format/-/format-21.2.2.tgz#e08d38f153d44615aed53123dfdab1abaab82ee0"
  integrity sha512-v6fvxZSc/AvVMROlr3H34+1766bZSYApRUSCAMjWamStPjKMvZ8GdvVA5YW/VQNgbFTmcMz6OYmSTJEvIjPrfA==
  dependencies:
    "@commitlint/types" "^21.2.0"
    picocolors "^1.1.1"

"@commitlint/is-ignored@^21.2.2":
  version "21.2.2"
  resolved "https://registry.yarnpkg.com/@commitlint/is-ignored/-/is-ignored-21.2.2.tgz#6c44ae438aa415158d2c58d1cedcd9ac3d6a716a"
  integrity sha512-9UoKNgfFE3LU7FrzierCvk3CdDfMDeVGC86qZiT/n0TIjfq/dmZ9MHuXd45OTNRa26ZanmJRxEtmiXk/lEJihg==
  dependencies:
    "@commitlint/types" "^21.2.0"
    semver "^7.6.0"

"@commitlint/lint@^21.2.2":
  version "21.2.2"
  resolved "https://registry.yarnpkg.com/@commitlint/lint/-/lint-21.2.2.tgz#24492822825e6e430b24f205447233b41183fadd"
  integrity sha512-Fy8JxEBzdmsYWFude/61GxXu5O+wEymwiRK2z9GL9R8mCsXphCoGxAFc5iHn5mjlfcSrhiiONE+ksf4KOjnaPg==
  dependencies:
    "@commitlint/is-ignored" "^21.2.2"
    "@commitlint/parse" "^21.2.2"
    "@commitlint/rules" "^21.2.2"
    "@commitlint/types" "^21.2.0"

"@commitlint/load@^21.2.2":
  version "21.2.2"
  resolved "https://registry.yarnpkg.com/@commitlint/load/-/load-21.2.2.tgz#882128f6412ae123eb507b0a9e32a3c99ff3981d"
  integrity sha512-0Tt6wDPX167cjKC5D4zhm0+20wJJG+TN/TKovMOspfSe78rOnKX+MNzlVNiu6HyQPZChPJ8QBH31MVt6Bb8fCg==
  dependencies:
    "@commitlint/config-validator" "^21.2.0"
    "@commitlint/execute-rule" "^21.0.1"
    "@commitlint/resolve-extends" "^21.2.2"
    "@commitlint/types" "^21.2.0"
    cosmiconfig "^9.0.1"
    cosmiconfig-typescript-loader "^6.1.0"
    es-toolkit "^1.46.0"
    is-plain-obj "^4.1.0"
    picocolors "^1.1.1"

"@commitlint/message@^21.2.0":
  version "21.2.0"
  resolved "https://registry.yarnpkg.com/@commitlint/message/-/message-21.2.0.tgz#72cbca26f7b1b37da5c1e40644c673efbb0e193e"
  integrity sha512-YxGoiXD/HXNXLJPrQwE5poXa+XH0CBEm+mdvbHQP0g6MV/dmJyUFCzPNzZbxL93GvZ70TmtTK0Z0/IBpAqHv8g==

"@commitlint/parse@^21.2.2":
  version "21.2.2"
  resolved "https://registry.yarnpkg.com/@commitlint/parse/-/parse-21.2.2.tgz#1ed7757d808bf18bfac4d881f9ad97a540723b30"
  integrity sha512-MEkobPfvRp+z06Wro8HMG1BDGHzZmj82A1LH1nWeG3ipHpg/x4m6v3wEDvMBIKjRFUnfR3nBeFs3MVCr7UdAmg==
  dependencies:
    "@commitlint/types" "^21.2.0"
    conventional-changelog-angular "^9.0.0"
    conventional-commits-parser "^7.0.0"

"@commitlint/read@^21.2.1":
  version "21.2.1"
  resolved "https://registry.yarnpkg.com/@commitlint/read/-/read-21.2.1.tgz#a39f19f73b45a604619831fdcbf93fa022feb870"
  integrity sha512-hUW7EJQnNTL0vPOmVMNK4CrnrNBN0nN+JJHReFkdHO5y4iyHeEmTBwuC15OCqUTjxWo7idnH1LftfpWVIaPWIA==
  dependencies:
    "@commitlint/top-level" "^21.2.0"
    "@commitlint/types" "^21.2.0"
    "@conventional-changelog/git-client" "^3.0.0"
    tinyexec "^1.0.0"

"@commitlint/resolve-extends@^21.2.2":
  version "21.2.2"
  resolved "https://registry.yarnpkg.com/@commitlint/resolve-extends/-/resolve-extends-21.2.2.tgz#f867d0cea131f2c2bd64e6d079a443b0e5c6e851"
  integrity sha512-RPkJ/IFi7sMUUVbZLqwWFtWw/zRDcfFsmrPSiTMrt5wb7AdxOr86EGQFvmGzef5QKV5IPBWWCujqVTw1RWX44A==
  dependencies:
    "@commitlint/config-validator" "^21.2.0"
    "@commitlint/types" "^21.2.0"
    es-toolkit "^1.46.0"
    global-directory "^5.0.0"
    resolve-from "^5.0.0"

"@commitlint/rules@^21.2.2":
  version "21.2.2"
  resolved "https://registry.yarnpkg.com/@commitlint/rules/-/rules-21.2.2.tgz#11282e8645ac1bbac948dc9a53e33b50e6ac5ef2"
  integrity sha512-eplQzyYkBjYB1HyyRj8hkcK11Y9DU9nuBz7uOKEd6NpE9NGDytLFCAnlRE+OoiK/5sHEJsaz2RGhuWBvYzIbNA==
  dependencies:
    "@commitlint/ensure" "^21.2.0"
    "@commitlint/message" "^21.2.0"
    "@commitlint/to-lines" "^21.0.1"
    "@commitlint/types" "^21.2.0"

"@commitlint/to-lines@^21.0.1":
  version "21.0.1"
  resolved "https://registry.yarnpkg.com/@commitlint/to-lines/-/to-lines-21.0.1.tgz#9a76fcc634f2be2b5effcf67a2d69fcb4bdec9f8"
  integrity sha512-bd1BFII7p1EQZre9Kaj+kKaMFP3cFCdt21K7DItVux9XP5WjLgJ0/Uy1pJJh9aPwVJ6SKg62PxqlZaHI8hQAXw==

"@commitlint/top-level@^21.2.0":
  version "21.2.0"
  resolved "https://registry.yarnpkg.com/@commitlint/top-level/-/top-level-21.2.0.tgz#bf7dadeaf5a51771bd0c44cc8bcf23ac66715b9e"
  integrity sha512-Y5gmQ+KxzqCrBFJfLvFEPvvwD3LDiNZoTT2yeFBm96M8qhmqSzQc5DvX3rheAaAMjyIvMXOCLS/mWfdpONsjyQ==
  dependencies:
    escalade "^3.2.0"

"@commitlint/types@^21.2.0":
  version "21.2.0"
  resolved "https://registry.yarnpkg.com/@commitlint/types/-/types-21.2.0.tgz#da93897b416f788323f639cce6045310aeb03096"
  integrity sha512-7zVFCDB2reMvJH5dmbKnOQPjZEvjdJTH8jc0U/PIPU1r3/+vf5pD1HlfitV2MWsWXrvu7u39iY1lyLUPOaN0Gw==
  dependencies:
    conventional-commits-parser "^7.0.0"
    picocolors "^1.1.1"

"@conventional-changelog/git-client@^3.0.0":
  version "3.1.2"
  resolved "https://registry.yarnpkg.com/@conventional-changelog/git-client/-/git-client-3.1.2.tgz#2298db5ba59a2f8826300bc7ad477169f76f15aa"
  integrity sha512-jZqwnJwf7nboIlAcw/mkOjVa6DexCcUOgT2oOQgkoi3z9vR8tGFkcMy2BFcYwjhL9sYcDDXkRQDayiDieCoW7A==
  dependencies:
    "@simple-libs/child-process-utils" "^2.0.0"
    "@simple-libs/stream-utils" "^2.0.0"
    semver "^7.5.2"

"@conventional-changelog/template@^1.4.0":
  version "1.4.0"
  resolved "https://registry.yarnpkg.com/@conventional-changelog/template/-/template-1.4.0.tgz#30a8680f2ab8d3a60a08e86bebb33fe8f0f8f100"
  integrity sha512-aalGyl7dbB5PArRebDIX43ZvBlXrYm9uWzGJ26t+4SzJVPsOuvfILGGbw5X4yX7i50YEmJ8zvbiWnqH/AAnZqg==

"@simple-libs/child-process-utils@^2.0.0":
  version "2.0.0"
  resolved "https://registry.yarnpkg.com/@simple-libs/child-process-utils/-/child-process-utils-2.0.0.tgz#90ea8a9008ab622cc50cf94ed3469ce5144e9eb6"
  integrity sha512-dvNoRKLijXnD0XoJAz94pbNuB5GQgDr55UhpSPhffDkTT0Cmcqh9jSCOtwfT2d4H6MI9E7c4SgtMuJXZ6F3c6A==
  dependencies:
    "@simple-libs/stream-utils" "^2.0.0"

"@simple-libs/stream-utils@^2.0.0":
  version "2.0.0"
  resolved "https://registry.yarnpkg.com/@simple-libs/stream-utils/-/stream-utils-2.0.0.tgz#758d2a0876b4d672dac1eae212cdbab452670d3c"
  integrity sha512-fCTuZK4QBa+39Oz9l4OGfJfz+GpwCp3AqO7Zch3to99xHPgstVsRFpeQ8LNd2o1Gv8raL2mCFwiaHh7bFSp5DQ==

ajv@^8.11.0:
  version "8.20.0"
  resolved "https://registry.yarnpkg.com/ajv/-/ajv-8.20.0.tgz#304b3636add88ba7d936760dd50ece006dea95f9"
  integrity sha512-Thbli+OlOj+iMPYFBVBfJ3OmCAnaSyNn4M1vz9T6Gka5Jt9ba/HIR56joy65tY6kx/FCF5VXNB819Y7/GUrBGA==
  dependencies:
    fast-deep-equal "^3.1.3"
    fast-uri "^3.0.1"
    json-schema-traverse "^1.0.0"
    require-from-string "^2.0.2"

ansi-regex@^6.2.2:
  version "6.3.0"
  resolved "https://registry.yarnpkg.com/ansi-regex/-/ansi-regex-6.3.0.tgz#247c8e7b70a1a43b10ce14c0226fcbf58e8815d5"
  integrity sha512-WpDfL7NO6j7tH88IDBNVdUJxDh9nmCteAVW9dsep846XdwF4naCBK+/tGLX3KJgcpgMRXCFlTM2hKGoK9FsdrQ==

ansi-styles@^6.2.1:
  version "6.2.3"
  resolved "https://registry.yarnpkg.com/ansi-styles/-/ansi-styles-6.2.3.tgz#c044d5dcc521a076413472597a1acb1f103c4041"
  integrity sha512-4Dj6M28JB+oAH8kFkTLUo+a2jwOFkuqb3yucU0CANcRRUbxS0cP0nZYCGjcc3BNXwRIsUVmDGgzawme7zvJHvg==

argparse@^2.0.1:
  version "2.0.1"
  resolved "https://registry.yarnpkg.com/argparse/-/argparse-2.0.1.tgz#246f50f3ca78a3240f6c997e8a9bd1eac49e4b38"
  integrity sha512-8+9WqebbFzpX9OR+Wa6O29asIogeRMzcGtAINdpMHHyAg10f05aSFVBbcEqGf/PXw1EjAZ+q2/bEBg3DvurK3Q==

argue-cli@^3.1.0:
  version "3.1.0"
  resolved "https://registry.yarnpkg.com/argue-cli/-/argue-cli-3.1.0.tgz#5ab702af716dce3e30a95919bd1ac314e2d903f0"
  integrity sha512-DhBpBfXL4SS2uC0N922MMajKR3CdrTG0u2or1PNYgXMsrSzViJrbtvT0nCLlLGUI0plam/ZZCs7aAauHtW9thw==

callsites@^3.0.0:
  version "3.0.0"
  resolved "https://registry.yarnpkg.com/callsites/-/callsites-3.0.0.tgz#fb7eb569b72ad7a45812f93fd9430a3e410b3dd3"

cliui@^9.0.1:
  version "9.0.1"
  resolved "https://registry.yarnpkg.com/cliui/-/cliui-9.0.1.tgz#6f7890f386f6f1f79953adc1f78dec46fcc2d291"
  integrity sha512-k7ndgKhwoQveBL+/1tqGJYNz097I7WOvwbmmU2AR5+magtbjPWQTS1C5vzGkBC8Ym8UWRzfKUzUUqFLypY4Q+w==
  dependencies:
    string-width "^7.2.0"
    strip-ansi "^7.1.0"
    wrap-ansi "^9.0.0"

conventional-changelog-angular@^9.0.0:
  version "9.4.0"
  resolved "https://registry.yarnpkg.com/conventional-changelog-angular/-/conventional-changelog-angular-9.4.0.tgz#ec51393e10b5c4c99c9e79f21d6d293b26cd1314"
  integrity sha512-HdxRxuS8bBXVIuo4V82gvSwAXT0vYQUizrjs/izmPg5JdDstr8v8I5hduGL3iQbG+o310dUDxC4+LetuS5hu9w==
  dependencies:
    "@conventional-changelog/template" "^1.4.0"

conventional-changelog-conventionalcommits@^10.0.0:
  version "10.4.0"
  resolved "https://registry.yarnpkg.com/conventional-changelog-conventionalcommits/-/conventional-changelog-conventionalcommits-10.4.0.tgz#a75bb40f10731d66e0b4209dc1dd3ee0cf2925f3"
  integrity sha512-Rriac6ZrAlVm6cy9Bz4NSp+WMHpwNXoPIYex+HjCgduAVUSbnew29DQjQw0C4g9u3HtSYzGiGY+pdBXAZo+4aA==
  dependencies:
    "@conventional-changelog/template" "^1.4.0"

conventional-commits-parser@^7.0.0:
  version "7.1.2"
  resolved "https://registry.yarnpkg.com/conventional-commits-parser/-/conventional-commits-parser-7.1.2.tgz#4dca0779b338bab96fe994e864dfedf3c1908b03"
  integrity sha512-O+x4N2yH+ijvqWlIyTHsXTAP+algNWgGbjY2duCe8w2vUMvUB95cLRslCPfTMQyLAKlet3bhZTdu6ozn4M+QJQ==
  dependencies:
    "@simple-libs/stream-utils" "^2.0.0"
    argue-cli "^3.1.0"

cosmiconfig-typescript-loader@^6.1.0:
  version "6.3.0"
  resolved "https://registry.yarnpkg.com/cosmiconfig-typescript-loader/-/cosmiconfig-typescript-loader-6.3.0.tgz#a5ee3ec3da5a976c0c233fd0e0b5ca14b58b0327"
  integrity sha512-Akr82WH1Wfqatyiqpj8HDkO2o2KmJRu1FhKfSNJP3K4IdXwHfEyL7MOb62i1AGQVLtIQM+iCE9CGOtrfhR+mmA==
  dependencies:
    jiti "2.6.1"

cosmiconfig@^9.0.1:
  version "9.0.2"
  resolved "https://registry.yarnpkg.com/cosmiconfig/-/cosmiconfig-9.0.2.tgz#9e5615163becf6a82211fb33d2f68947c25d0c5e"
  integrity sha512-gtTZxTDau1wL7Y7zifc2dd8jHSK/k6BTx/2Xp/BpdlAdnlYWFVt7qhJqgwi7637yRwRQ3qL4ZidbB4I8tA5VOg==
  dependencies:
    env-paths "^2.2.1"
    import-fresh "^3.3.0"
    js-yaml "^4.1.0"
    parse-json "^5.2.0"

emoji-regex@^10.3.0:
  version "10.6.0"
  resolved "https://registry.yarnpkg.com/emoji-regex/-/emoji-regex-10.6.0.tgz#bf3d6e8f7f8fd22a65d9703475bc0147357a6b0d"
  integrity sha512-toUI84YS5YmxW219erniWD0CIVOo46xGKColeNQRgOzDorgBi1v4D71/OFzgD9GO2UGKIv1C3Sp8DAn0+j5w7A==

env-paths@^2.2.1:
  version "2.2.1"
  resolved "https://registry.yarnpkg.com/env-paths/-/env-paths-2.2.1.tgz#420399d416ce1fbe9bc0a07c62fa68d67fd0f8f2"
  integrity sha512-+h1lkLKhZMTYjog1VEpJNG7NZJWcuc2DDk/qsqSTRRCOXiLjeQ1d1/udrUGhqMxUgAlwKNZ0cf2uqan5GLuS2A==

error-ex@^1.3.1:
  version "1.3.1"
  resolved "https://registry.yarnpkg.com/error-ex/-/error-ex-1.3.1.tgz#f855a86ce61adc4e8621c3cda21e7a7612c3a8dc"
  dependencies:
    is-arrayish "^0.2.1"

es-toolkit@^1.46.0:
  version "1.51.0"
  resolved "https://registry.yarnpkg.com/es-toolkit/-/es-toolkit-1.51.0.tgz#f1f0fe1944e6405ef5e4d19a92b91c1b65e8b657"
  integrity sha512-zC2lQGkM7QX+Gm6iM3+WIdZJzthsEd14LvRNJneSO2hzyz/zNBENR8+YXWo1cKxgPBtV6ksPYHELbcwBRzmdCw==

escalade@^3.1.1, escalade@^3.2.0:
  version "3.2.0"
  resolved "https://registry.yarnpkg.com/escalade/-/escalade-3.2.0.tgz#011a3f69856ba189dffa7dc8fcce99d2a87903e5"
  integrity sha512-WUj2qlxaQtO4g6Pq5c29GTcWGDyd8itL8zTlipgECz3JesAiiOKotd8JU6otB3PACgG6xkJUyVhboMS+bje/jA==

fast-deep-equal@^3.1.3:
  version "3.1.3"
  resolved "https://registry.yarnpkg.com/fast-deep-equal/-/fast-deep-equal-3.1.3.tgz#3a7d56b559d6cbc3eb512325244e619a65c6c525"
  integrity sha512-f3qQ9oQy9j2AhBe/H9VC91wLmKBCCU/gDOnKNAYG5hswO7BLKj09Hc5HYNz9cGI++xlpDCIgDaitVs03ATR84Q==

fast-uri@^3.0.1:
  version "3.1.6"
  resolved "https://registry.yarnpkg.com/fast-uri/-/fast-uri-3.1.6.tgz#bfdd308ef763f835fed059f3c6c925f708e33e3a"
  integrity sha512-7Ical1vFEMr0onbVzEDIreM22I4khW+fzyQPwvAFWBp1iwdshSZRsL4jjRvPG9JP1uiqMHRto+YU6R2/CzDz5Q==

get-caller-file@^2.0.5:
  version "2.0.5"
  resolved "https://registry.yarnpkg.com/get-caller-file/-/get-caller-file-2.0.5.tgz#4f94412a82db32f36e3b0b9741f8a97feb031f7e"
  integrity sha512-DyFP3BM/3YHTQOCUL/w0OZHR0lpKeGrxotcHWcqNEdnltqFwXVfhEBQ94eIo34AfQpo0rGki4cyIiftY06h2Fg==

get-east-asian-width@^1.0.0, get-east-asian-width@^1.5.0:
  version "1.6.0"
  resolved "https://registry.yarnpkg.com/get-east-asian-width/-/get-east-asian-width-1.6.0.tgz#216900f91df11a8b2c198c3e1d93d6c035a776b9"
  integrity sha512-QRbvDIbx6YklUe6RxeTeleMR0yv3cYH6PsPZHcnVn7xv7zO1BHN8r0XETu8n6Ye3Q+ahtSarc3WgtNWmehIBfA==

global-directory@^5.0.0:
  version "5.0.0"
  resolved "https://registry.yarnpkg.com/global-directory/-/global-directory-5.0.0.tgz#0f66a94212acd0f81ee838d0a991e88d1c2836cf"
  integrity sha512-1pgFdhK3J2LeM+dVf2Pd424yHx2ou338lC0ErNP2hPx4j8eW1Sp0XqSjNxtk6Tc4Kr5wlWtSvz8cn2yb7/SG/w==
  dependencies:
    ini "6.0.0"

import-fresh@^3.3.0:
  version "3.3.1"
  resolved "https://registry.yarnpkg.com/import-fresh/-/import-fresh-3.3.1.tgz#9cecb56503c0ada1f2741dbbd6546e4b13b57ccf"
  integrity sha512-TR3KfrTZTYLPB6jUjfx6MF9WcWrHL9su5TObK4ZkYgBdWKPOFoSoQIdEuTuR82pmtxH2spWG9h6etwfr1pLBqQ==
  dependencies:
    parent-module "^1.0.0"
    resolve-from "^4.0.0"

ini@6.0.0:
  version "6.0.0"
  resolved "https://registry.yarnpkg.com/ini/-/ini-6.0.0.tgz#efc7642b276f6a37d22fdf56ef50889d7146bf30"
  integrity sha512-IBTdIkzZNOpqm7q3dRqJvMaldXjDHWkEDfrwGEQTs5eaQMWV+djAhR+wahyNNMAa+qpbDUhBMVt4ZKNwpPm7xQ==

is-arrayish@^0.2.1:
  version "0.2.1"
  resolved "https://registry.yarnpkg.com/is-arrayish/-/is-arrayish-0.2.1.tgz#77c99840527aa8ecb1a8ba697b80645a7a926a9d"

is-plain-obj@^4.1.0:
  version "4.1.0"
  resolved "https://registry.yarnpkg.com/is-plain-obj/-/is-plain-obj-4.1.0.tgz#d65025edec3657ce032fd7db63c97883eaed71f0"
  integrity sha512-+Pgi+vMuUNkJyExiMBt5IlFoMyKnr5zhJ4Uspz58WOhBF5QoIZkFyNHIbBAtHwzVAgk5RtndVNsDRN61/mmDqg==

jiti@2.6.1:
  version "2.6.1"
  resolved "https://registry.yarnpkg.com/jiti/-/jiti-2.6.1.tgz#178ef2fc9a1a594248c20627cd820187a4d78d92"
  integrity sha512-ekilCSN1jwRvIbgeg/57YFh8qQDNbwDb9xT/qu2DAHbFFZUicIl4ygVaAvzveMhMVr3LnpSKTNnwt8PoOfmKhQ==

js-tokens@^4.0.0:
  version "4.0.0"
  resolved "https://registry.yarnpkg.com/js-tokens/-/js-tokens-4.0.0.tgz#19203fb59991df98e3a287050d4647cdeaf32499"
  integrity sha512-RdJUflcE3cUzKiMqQgsCu06FPu9UdIJO0beYbPhHN4k6apgJtifcoCtT9bcxOpYBtpD2kCM6Sbzg4CausW/PKQ==

js-yaml@^4.1.0:
  version "4.3.1"
  resolved "https://registry.yarnpkg.com/js-yaml/-/js-yaml-4.3.1.tgz#01216c001d67f48e2cd560d708c7af21090a3848"
  integrity sha512-CY6crGq313MX8GkwvB7tzgp99vjQxY1++5y10/BKN/GUfHqWaOGQMNZkBvqSzsZKWk/ijwHlWzzkLulsGHhjWQ==
  dependencies:
    argparse "^2.0.1"

json-parse-even-better-errors@^2.3.0:
  version "2.3.1"
  resolved "https://registry.yarnpkg.com/json-parse-even-better-errors/-/json-parse-even-better-errors-2.3.1.tgz#7c47805a94319928e05777405dc12e1f7a4ee02d"
  integrity sha512-xyFwyhro/JEof6Ghe2iz2NcXoj2sloNsWr/XsERDK/oiPCfaNhl5ONfp+jQdAZRQQ0IJWNzH9zIZF7li91kh2w==

json-schema-traverse@^1.0.0:
  version "1.0.0"
  resolved "https://registry.yarnpkg.com/json-schema-traverse/-/json-schema-traverse-1.0.0.tgz#ae7bcb3656ab77a73ba5c49bf654f38e6b6860e2"
  integrity sha512-NM8/P9n3XjXhIZn1lLhkFaACTOURQXjWhV4BA/RnOv8xvgqtqpAX9IO4mRQxSx1Rlo4tqzeqb0sOlruaOy3dug==

lines-and-columns@^1.1.6:
  version "1.2.4"
  resolved "https://registry.yarnpkg.com/lines-and-columns/-/lines-and-columns-1.2.4.tgz#eca284f75d2965079309dc0ad9255abb2ebc1632"
  integrity sha512-7ylylesZQ/PV29jhEDl3Ufjo6ZX7gCqJr5F7PKrqc93v7fzSymt1BpwEU8nAUXs8qzzvqhbjhK5QZg6Mt/HkBg==

parent-module@^1.0.0:
  version "1.0.0"
  resolved "https://registry.yarnpkg.com/parent-module/-/parent-module-1.0.0.tgz#df250bdc5391f4a085fb589dad761f5ad6b865b5"
  dependencies:
    callsites "^3.0.0"

parse-json@^5.2.0:
  version "5.2.0"
  resolved "https://registry.yarnpkg.com/parse-json/-/parse-json-5.2.0.tgz#c76fc66dee54231c962b22bcc8a72cf2f99753cd"
  integrity sha512-ayCKvm/phCGxOkYRSCM82iDwct8/EonSEgCSxWxD7ve6jHggsFl4fZVQBPRNgQoKiuV/odhFrGzQXZwbifC8Rg==
  dependencies:
    "@babel/code-frame" "^7.0.0"
    error-ex "^1.3.1"
    json-parse-even-better-errors "^2.3.0"
    lines-and-columns "^1.1.6"

picocolors@^1.1.1:
  version "1.1.1"
  resolved "https://registry.yarnpkg.com/picocolors/-/picocolors-1.1.1.tgz#3d321af3eab939b083c8f929a1d12cda81c26b6b"
  integrity sha512-xceH2snhtb5M9liqDsmEw56le376mTZkEX/jEb/RxNFyegNul7eNslCXP9FDj/Lcu0X8KEyMceP2ntpaHrDEVA==

require-from-string@^2.0.2:
  version "2.0.2"
  resolved "https://registry.yarnpkg.com/require-from-string/-/require-from-string-2.0.2.tgz#89a7fdd938261267318eafe14f9c32e598c36909"
  integrity sha512-Xf0nWe6RseziFMu+Ap9biiUbmplq6S9/p+7w7YXP/JBHhrUDDUhwa+vANyubuqfZWTveU//DYVGsDG7RKL/vEw==

resolve-from@^4.0.0:
  version "4.0.0"
  resolved "https://registry.yarnpkg.com/resolve-from/-/resolve-from-4.0.0.tgz#4abcd852ad32dd7baabfe9b40e00a36db5f392e6"

resolve-from@^5.0.0:
  version "5.0.0"
  resolved "https://registry.yarnpkg.com/resolve-from/-/resolve-from-5.0.0.tgz#c35225843df8f776df21c57557bc087e9dfdfc69"

semver@^7.5.2, semver@^7.6.0:
  version "7.8.5"
  resolved "https://registry.yarnpkg.com/semver/-/semver-7.8.5.tgz#39b646037dd50c14fb451e7e4cac58ed8b863f69"
  integrity sha512-Y7/KDsb8LjooZpwaqGyulO6DQlksgCncchHGk+sZIY4SBvUocMBEFH5Ur1fI4dV+Jvl0w6cjvucaIi40puRioA==

string-width@^7.0.0, string-width@^7.2.0:
  version "7.2.0"
  resolved "https://registry.yarnpkg.com/string-width/-/string-width-7.2.0.tgz#b5bb8e2165ce275d4d43476dd2700ad9091db6dc"
  integrity sha512-tsaTIkKW9b4N+AEj+SVA+WhJzV7/zMhcSu78mLKWSk7cXMOSHsBKFWUs0fWwq8QyK3MgJBQRX6Gbi4kYbdvGkQ==
  dependencies:
    emoji-regex "^10.3.0"
    get-east-asian-width "^1.0.0"
    strip-ansi "^7.1.0"

string-width@^8.2.1:
  version "8.2.2"
  resolved "https://registry.yarnpkg.com/string-width/-/string-width-8.2.2.tgz#7310516493df575742fe98af6fae87d85d5ed0ac"
  integrity sha512-GaPUh5gfdrYzqeVNZvUfT23vYYxXzKYidUcnMtJg/3rxRV63EFZy3k6xfKlmfeJD0176lnUV/Usr3XcwSvFzpg==
  dependencies:
    get-east-asian-width "^1.5.0"
    strip-ansi "^7.1.2"

strip-ansi@^7.1.0, strip-ansi@^7.1.2:
  version "7.2.0"
  resolved "https://registry.yarnpkg.com/strip-ansi/-/strip-ansi-7.2.0.tgz#d22a269522836a627af8d04b5c3fd2c7fa3e32e3"
  integrity sha512-yDPMNjp4WyfYBkHnjIRLfca1i6KMyGCtsVgoKe/z1+6vukgaENdgGBZt+ZmKPc4gavvEZ5OgHfHdrazhgNyG7w==
  dependencies:
    ansi-regex "^6.2.2"

tinyexec@^1.0.0:
  version "1.3.0"
  resolved "https://registry.yarnpkg.com/tinyexec/-/tinyexec-1.3.0.tgz#aacc1dbb1d4e93e6ad8dd64944e09f9ad147a474"
  integrity sha512-QKAl9m8gWWGHV8jZcPeym6j+XULi6tOf1mT83WYJ4Lk2ytW/uwAWkrP0uFsdoYMdueVJ0qs26wZ+23xeB4ibNQ==

wrap-ansi@^9.0.0:
  version "9.0.2"
  resolved "https://registry.yarnpkg.com/wrap-ansi/-/wrap-ansi-9.0.2.tgz#956832dea9494306e6d209eb871643bb873d7c98"
  integrity sha512-42AtmgqjV+X1VpdOfyTGOYRi0/zsoLqtXQckTmqTeybT+BDIbM/Guxo7x3pE2vtpr1ok6xRqM9OpBe+Jyoqyww==
  dependencies:
    ansi-styles "^6.2.1"
    string-width "^7.0.0"
    strip-ansi "^7.1.0"

y18n@^5.0.5:
  version "5.0.8"
  resolved "https://registry.yarnpkg.com/y18n/-/y18n-5.0.8.tgz#7f4934d0f7ca8c56f95314939ddcd2dd91ce1d55"
  integrity sha512-0pfFzegeDWJHJIAmTLRP2DwHjdF5s7jo9tuztdQxAhINCdvS+3nGINqPd00AphqJR/0LhANUS6/+7SCb98YOfA==

yargs-parser@^22.0.0:
  version "22.0.0"
  resolved "https://registry.yarnpkg.com/yargs-parser/-/yargs-parser-22.0.0.tgz#87b82094051b0567717346ecd00fd14804b357c8"
  integrity sha512-rwu/ClNdSMpkSrUb+d6BRsSkLUq1fmfsY6TOpYzTwvwkg1/NRG85KBy3kq++A8LKQwX6lsu+aWad+2khvuXrqw==

yargs@^18.0.0:
  version "18.1.0"
  resolved "https://registry.yarnpkg.com/yargs/-/yargs-18.1.0.tgz#cd7e98c703ef51695bbbf062ed58f28e94291b56"
  integrity sha512-2rAgRKu54VsHkqI0/tYkmluGXHD4KW7yZoycuqDQ15QOTnc2VVfy0nN/1eMhnQLO00A+dwtK20xuCnc1YGeUyg==
  dependencies:
    cliui "^9.0.1"
    escalade "^3.1.1"
    get-caller-file "^2.0.5"
    string-width "^8.2.1"
    y18n "^5.0.5"
    yargs-parser "^22.0.0"
